
Microsoft Visual Studio Solution File, Format Version 12.00
# Visual Studio Version 17
VisualStudioVersion = 17.10.34928.147
MinimumVisualStudioVersion = 10.0.40219.1
Project("{FAE04EC0-301F-11D3-BF4B-00C04F79EFBC}") = "DayNumberToName", "DayNumberToName\DayNumberToName.csproj", "{190D428A-2E3C-42B1-849C-8BC7FDC7D422}"
EndProject
Global
	GlobalSection(SolutionConfigurationPlatforms) = preSolution
		Debug|Any CPU = Debug|Any CPU
		Release|Any CPU = Release|Any CPU
	EndGlobalSection
	GlobalSection(ProjectConfigurationPlatforms) = postSolution
		{190D428A-2E3C-42B1-849C-8BC7FDC7D422}.Debug|Any CPU.ActiveCfg = Debug|Any CPU
		{190D428A-2E3C-42B1-849C-8BC7FDC7D422}.Debug|Any CPU.Build.0 = Debug|Any CPU
		{190D428A-2E3C-42B1-849C-8BC7FDC7D422}.Release|Any CPU.ActiveCfg = Release|Any CPU
		{190D428A-2E3C-42B1-849C-8BC7FDC7D422}.Release|Any CPU.Build.0 = Release|Any CPU
	EndGlobalSection
	GlobalSection(SolutionProperties) = preSolution
		HideSolutionNode = FALSE
	EndGlobalSection
	GlobalSection(ExtensibilityGlobals) = postSolution
		SolutionGuid = {93A7D5E9-1D60-4D78-85D7-81BC8C1BA2D6}
	EndGlobalSection
EndGlobal
