
Microsoft Visual Studio Solution File, Format Version 12.00
# Visual Studio Version 17
VisualStudioVersion = 17.10.34928.147
MinimumVisualStudioVersion = 10.0.40219.1
Project("{FAE04EC0-301F-11D3-BF4B-00C04F79EFBC}") = "CCA-4", "CCA-4\CCA-4.csproj", "{A055EF93-8F08-4606-B22C-C5B7D54EA01F}"
EndProject
Global
	GlobalSection(SolutionConfigurationPlatforms) = preSolution
		Debug|Any CPU = Debug|Any CPU
		Release|Any CPU = Release|Any CPU
	EndGlobalSection
	GlobalSection(ProjectConfigurationPlatforms) = postSolution
		{A055EF93-8F08-4606-B22C-C5B7D54EA01F}.Debug|Any CPU.ActiveCfg = Debug|Any CPU
		{A055EF93-8F08-4606-B22C-C5B7D54EA01F}.Debug|Any CPU.Build.0 = Debug|Any CPU
		{A055EF93-8F08-4606-B22C-C5B7D54EA01F}.Release|Any CPU.ActiveCfg = Release|Any CPU
		{A055EF93-8F08-4606-B22C-C5B7D54EA01F}.Release|Any CPU.Build.0 = Release|Any CPU
	EndGlobalSection
	GlobalSection(SolutionProperties) = preSolution
		HideSolutionNode = FALSE
	EndGlobalSection
	GlobalSection(ExtensibilityGlobals) = postSolution
		SolutionGuid = {F54A27AE-F35E-4309-BA8F-58C7A419BF8C}
	EndGlobalSection
EndGlobal
