
Microsoft Visual Studio Solution File, Format Version 12.00
# Visual Studio Version 17
VisualStudioVersion = 17.10.34928.147
MinimumVisualStudioVersion = 10.0.40219.1
Project("{FAE04EC0-301F-11D3-BF4B-00C04F79EFBC}") = "Equal", "Equal\Equal.csproj", "{8AA5F583-BA1C-4634-879D-0FCF0711716F}"
EndProject
Global
	GlobalSection(SolutionConfigurationPlatforms) = preSolution
		Debug|Any CPU = Debug|Any CPU
		Release|Any CPU = Release|Any CPU
	EndGlobalSection
	GlobalSection(ProjectConfigurationPlatforms) = postSolution
		{8AA5F583-BA1C-4634-879D-0FCF0711716F}.Debug|Any CPU.ActiveCfg = Debug|Any CPU
		{8AA5F583-BA1C-4634-879D-0FCF0711716F}.Debug|Any CPU.Build.0 = Debug|Any CPU
		{8AA5F583-BA1C-4634-879D-0FCF0711716F}.Release|Any CPU.ActiveCfg = Release|Any CPU
		{8AA5F583-BA1C-4634-879D-0FCF0711716F}.Release|Any CPU.Build.0 = Release|Any CPU
	EndGlobalSection
	GlobalSection(SolutionProperties) = preSolution
		HideSolutionNode = FALSE
	EndGlobalSection
	GlobalSection(ExtensibilityGlobals) = postSolution
		SolutionGuid = {95E29D40-9BCE-454A-856F-185F0283A18F}
	EndGlobalSection
EndGlobal
