
Microsoft Visual Studio Solution File, Format Version 12.00
# Visual Studio Version 17
VisualStudioVersion = 17.10.34928.147
MinimumVisualStudioVersion = 10.0.40219.1
Project("{FAE04EC0-301F-11D3-BF4B-00C04F79EFBC}") = "ArrayCopyProject", "ArrayCopyProject\ArrayCopyProject.csproj", "{12A91D2D-4FB1-4747-8A80-6C81517625F4}"
EndProject
Global
	GlobalSection(SolutionConfigurationPlatforms) = preSolution
		Debug|Any CPU = Debug|Any CPU
		Release|Any CPU = Release|Any CPU
	EndGlobalSection
	GlobalSection(ProjectConfigurationPlatforms) = postSolution
		{12A91D2D-4FB1-4747-8A80-6C81517625F4}.Debug|Any CPU.ActiveCfg = Debug|Any CPU
		{12A91D2D-4FB1-4747-8A80-6C81517625F4}.Debug|Any CPU.Build.0 = Debug|Any CPU
		{12A91D2D-4FB1-4747-8A80-6C81517625F4}.Release|Any CPU.ActiveCfg = Release|Any CPU
		{12A91D2D-4FB1-4747-8A80-6C81517625F4}.Release|Any CPU.Build.0 = Release|Any CPU
	EndGlobalSection
	GlobalSection(SolutionProperties) = preSolution
		HideSolutionNode = FALSE
	EndGlobalSection
	GlobalSection(ExtensibilityGlobals) = postSolution
		SolutionGuid = {5FC8ED75-9E02-4130-97A6-844141ED333A}
	EndGlobalSection
EndGlobal
