
Microsoft Visual Studio Solution File, Format Version 12.00
# Visual Studio Version 17
VisualStudioVersion = 17.10.34928.147
MinimumVisualStudioVersion = 10.0.40219.1
Project("{FAE04EC0-301F-11D3-BF4B-00C04F79EFBC}") = "WordLengthCalculator", "WordLengthCalculator\WordLengthCalculator.csproj", "{2280B816-FA99-4523-B3B4-03336CBF528A}"
EndProject
Global
	GlobalSection(SolutionConfigurationPlatforms) = preSolution
		Debug|Any CPU = Debug|Any CPU
		Release|Any CPU = Release|Any CPU
	EndGlobalSection
	GlobalSection(ProjectConfigurationPlatforms) = postSolution
		{2280B816-FA99-4523-B3B4-03336CBF528A}.Debug|Any CPU.ActiveCfg = Debug|Any CPU
		{2280B816-FA99-4523-B3B4-03336CBF528A}.Debug|Any CPU.Build.0 = Debug|Any CPU
		{2280B816-FA99-4523-B3B4-03336CBF528A}.Release|Any CPU.ActiveCfg = Release|Any CPU
		{2280B816-FA99-4523-B3B4-03336CBF528A}.Release|Any CPU.Build.0 = Release|Any CPU
	EndGlobalSection
	GlobalSection(SolutionProperties) = preSolution
		HideSolutionNode = FALSE
	EndGlobalSection
	GlobalSection(ExtensibilityGlobals) = postSolution
		SolutionGuid = {92E8003A-200D-4440-ADC5-3B7B7F068E09}
	EndGlobalSection
EndGlobal
