
Microsoft Visual Studio Solution File, Format Version 12.00
# Visual Studio Version 17
VisualStudioVersion = 17.10.34928.147
MinimumVisualStudioVersion = 10.0.40219.1
Project("{FAE04EC0-301F-11D3-BF4B-00C04F79EFBC}") = "four times in a row", "four times in a row\four times in a row.csproj", "{FB5FE60E-5A20-49D5-9986-D06A78329A0E}"
EndProject
Global
	GlobalSection(SolutionConfigurationPlatforms) = preSolution
		Debug|Any CPU = Debug|Any CPU
		Release|Any CPU = Release|Any CPU
	EndGlobalSection
	GlobalSection(ProjectConfigurationPlatforms) = postSolution
		{FB5FE60E-5A20-49D5-9986-D06A78329A0E}.Debug|Any CPU.ActiveCfg = Debug|Any CPU
		{FB5FE60E-5A20-49D5-9986-D06A78329A0E}.Debug|Any CPU.Build.0 = Debug|Any CPU
		{FB5FE60E-5A20-49D5-9986-D06A78329A0E}.Release|Any CPU.ActiveCfg = Release|Any CPU
		{FB5FE60E-5A20-49D5-9986-D06A78329A0E}.Release|Any CPU.Build.0 = Release|Any CPU
	EndGlobalSection
	GlobalSection(SolutionProperties) = preSolution
		HideSolutionNode = FALSE
	EndGlobalSection
	GlobalSection(ExtensibilityGlobals) = postSolution
		SolutionGuid = {EF65F55B-617B-4707-B3E1-C2ECCF080AE9}
	EndGlobalSection
EndGlobal
