
Microsoft Visual Studio Solution File, Format Version 12.00
# Visual Studio Version 17
VisualStudioVersion = 17.10.34928.147
MinimumVisualStudioVersion = 10.0.40219.1
Project("{FAE04EC0-301F-11D3-BF4B-00C04F79EFBC}") = "Customer", "Customer\Customer.csproj", "{20A3493D-EA6D-486E-9145-64772A6FD44D}"
EndProject
Global
	GlobalSection(SolutionConfigurationPlatforms) = preSolution
		Debug|Any CPU = Debug|Any CPU
		Release|Any CPU = Release|Any CPU
	EndGlobalSection
	GlobalSection(ProjectConfigurationPlatforms) = postSolution
		{20A3493D-EA6D-486E-9145-64772A6FD44D}.Debug|Any CPU.ActiveCfg = Debug|Any CPU
		{20A3493D-EA6D-486E-9145-64772A6FD44D}.Debug|Any CPU.Build.0 = Debug|Any CPU
		{20A3493D-EA6D-486E-9145-64772A6FD44D}.Release|Any CPU.ActiveCfg = Release|Any CPU
		{20A3493D-EA6D-486E-9145-64772A6FD44D}.Release|Any CPU.Build.0 = Release|Any CPU
	EndGlobalSection
	GlobalSection(SolutionProperties) = preSolution
		HideSolutionNode = FALSE
	EndGlobalSection
	GlobalSection(ExtensibilityGlobals) = postSolution
		SolutionGuid = {B2B211AD-776A-42AA-8784-BD35F927DC71}
	EndGlobalSection
EndGlobal
