
Microsoft Visual Studio Solution File, Format Version 12.00
# Visual Studio Version 17
VisualStudioVersion = 17.10.34928.147
MinimumVisualStudioVersion = 10.0.40219.1
Project("{FAE04EC0-301F-11D3-BF4B-00C04F79EFBC}") = "CCA-3", "CCA-3\CCA-3.csproj", "{AE277F9D-E4BE-4D8B-93EE-C1B05D667046}"
EndProject
Global
	GlobalSection(SolutionConfigurationPlatforms) = preSolution
		Debug|Any CPU = Debug|Any CPU
		Release|Any CPU = Release|Any CPU
	EndGlobalSection
	GlobalSection(ProjectConfigurationPlatforms) = postSolution
		{AE277F9D-E4BE-4D8B-93EE-C1B05D667046}.Debug|Any CPU.ActiveCfg = Debug|Any CPU
		{AE277F9D-E4BE-4D8B-93EE-C1B05D667046}.Debug|Any CPU.Build.0 = Debug|Any CPU
		{AE277F9D-E4BE-4D8B-93EE-C1B05D667046}.Release|Any CPU.ActiveCfg = Release|Any CPU
		{AE277F9D-E4BE-4D8B-93EE-C1B05D667046}.Release|Any CPU.Build.0 = Release|Any CPU
	EndGlobalSection
	GlobalSection(SolutionProperties) = preSolution
		HideSolutionNode = FALSE
	EndGlobalSection
	GlobalSection(ExtensibilityGlobals) = postSolution
		SolutionGuid = {87CEA6EA-1472-48D2-8146-44656909C2EB}
	EndGlobalSection
EndGlobal
