
Microsoft Visual Studio Solution File, Format Version 12.00
# Visual Studio Version 17
VisualStudioVersion = 17.10.34928.147
MinimumVisualStudioVersion = 10.0.40219.1
Project("{FAE04EC0-301F-11D3-BF4B-00C04F79EFBC}") = "Web Page", "Web Page\Web Page.csproj", "{2C39EF3F-148A-4873-92B0-7C6DC1BB84B8}"
EndProject
Global
	GlobalSection(SolutionConfigurationPlatforms) = preSolution
		Debug|Any CPU = Debug|Any CPU
		Release|Any CPU = Release|Any CPU
	EndGlobalSection
	GlobalSection(ProjectConfigurationPlatforms) = postSolution
		{2C39EF3F-148A-4873-92B0-7C6DC1BB84B8}.Debug|Any CPU.ActiveCfg = Debug|Any CPU
		{2C39EF3F-148A-4873-92B0-7C6DC1BB84B8}.Debug|Any CPU.Build.0 = Debug|Any CPU
		{2C39EF3F-148A-4873-92B0-7C6DC1BB84B8}.Release|Any CPU.ActiveCfg = Release|Any CPU
		{2C39EF3F-148A-4873-92B0-7C6DC1BB84B8}.Release|Any CPU.Build.0 = Release|Any CPU
	EndGlobalSection
	GlobalSection(SolutionProperties) = preSolution
		HideSolutionNode = FALSE
	EndGlobalSection
	GlobalSection(ExtensibilityGlobals) = postSolution
		SolutionGuid = {900DB5CB-B269-4548-BAF1-52A7615AE779}
	EndGlobalSection
EndGlobal
